// !$*UTF8*$!
{
	archiveVersion = 1;
	classes = {
	};
	objectVersion = 56;
	objects = {

/* Begin PBXBuildFile section */
		15093F932B02C86B00049DB4 /* animation1.json in Resources */ = {isa = PBXBuildFile; fileRef = 15093F902B02C86B00049DB4 /* animation1.json */; };
		15093F942B02C86B00049DB4 /* animation2.json in Resources */ = {isa = PBXBuildFile; fileRef = 15093F912B02C86B00049DB4 /* animation2.json */; };
		15093F952B02C86B00049DB4 /* animation3.json in Resources */ = {isa = PBXBuildFile; fileRef = 15093F922B02C86B00049DB4 /* animation3.json */; };
		151085F42B015A5D0054A8E1 /* TopView.swift in Sources */ = {isa = PBXBuildFile; fileRef = 151085F32B015A5D0054A8E1 /* TopView.swift */; };
		151085F62B015F060054A8E1 /* ItemsList.swift in Sources */ = {isa = PBXBuildFile; fileRef = 151085F52B015F060054A8E1 /* ItemsList.swift */; };
		15EA39722AFC216700E8B3D8 /* CoffeeShopApp.swift in Sources */ = {isa = PBXBuildFile; fileRef = 15EA39712AFC216700E8B3D8 /* CoffeeShopApp.swift */; };
		15EA39742AFC216700E8B3D8 /* ContentView.swift in Sources */ = {isa = PBXBuildFile; fileRef = 15EA39732AFC216700E8B3D8 /* ContentView.swift */; };
		15EA39762AFC216900E8B3D8 /* Assets.xcassets in Resources */ = {isa = PBXBuildFile; fileRef = 15EA39752AFC216900E8B3D8 /* Assets.xcassets */; };
		15EA39792AFC216900E8B3D8 /* Preview Assets.xcassets in Resources */ = {isa = PBXBuildFile; fileRef = 15EA39782AFC216900E8B3D8 /* Preview Assets.xcassets */; };
		15EA39822AFC221900E8B3D8 /* Home.swift in Sources */ = {isa = PBXBuildFile; fileRef = 15EA39812AFC221900E8B3D8 /* Home.swift */; };
		15EA39862AFC239500E8B3D8 /* Poppins-SemiBold.ttf in Resources */ = {isa = PBXBuildFile; fileRef = 15EA39842AFC239500E8B3D8 /* Poppins-SemiBold.ttf */; };
		15EA39892AFC2ECE00E8B3D8 /* Poppins-Regular.ttf in Resources */ = {isa = PBXBuildFile; fileRef = 15EA39832AFC239500E8B3D8 /* Poppins-Regular.ttf */; };
		15EA398B2AFC397900E8B3D8 /* Category.swift in Sources */ = {isa = PBXBuildFile; fileRef = 15EA398A2AFC397900E8B3D8 /* Category.swift */; };
		15EA398E2AFC3D9100E8B3D8 /* Lottie in Frameworks */ = {isa = PBXBuildFile; productRef = 15EA398D2AFC3D9100E8B3D8 /* Lottie */; };
		15EA39922AFE8C5500E8B3D8 /* CategoryItemRowView.swift in Sources */ = {isa = PBXBuildFile; fileRef = 15EA39912AFE8C5500E8B3D8 /* CategoryItemRowView.swift */; };
		15EA39962AFED24A00E8B3D8 /* LocationView.swift in Sources */ = {isa = PBXBuildFile; fileRef = 15EA39952AFED24A00E8B3D8 /* LocationView.swift */; };
		15EA39992B00017D00E8B3D8 /* LandingPage.swift in Sources */ = {isa = PBXBuildFile; fileRef = 15EA39982B00017D00E8B3D8 /* LandingPage.swift */; };
		15EA399B2B000D0700E8B3D8 /* AnimatedIcon.swift in Sources */ = {isa = PBXBuildFile; fileRef = 15EA399A2B000D0700E8B3D8 /* AnimatedIcon.swift */; };
		15EA399D2B000EB400E8B3D8 /* Tab.swift in Sources */ = {isa = PBXBuildFile; fileRef = 15EA399C2B000EB400E8B3D8 /* Tab.swift */; };
		15EA399F2B00107200E8B3D8 /* ResizableLottieView.swift in Sources */ = {isa = PBXBuildFile; fileRef = 15EA399E2B00107200E8B3D8 /* ResizableLottieView.swift */; };
/* End PBXBuildFile section */

/* Begin PBXFileReference section */
		15093F902B02C86B00049DB4 /* animation1.json */ = {isa = PBXFileReference; fileEncoding = 4; lastKnownFileType = text.json; path = animation1.json; sourceTree = "<group>"; };
		15093F912B02C86B00049DB4 /* animation2.json */ = {isa = PBXFileReference; fileEncoding = 4; lastKnownFileType = text.json; path = animation2.json; sourceTree = "<group>"; };
		15093F922B02C86B00049DB4 /* animation3.json */ = {isa = PBXFileReference; fileEncoding = 4; lastKnownFileType = text.json; path = animation3.json; sourceTree = "<group>"; };
		151085F32B015A5D0054A8E1 /* TopView.swift */ = {isa = PBXFileReference; lastKnownFileType = sourcecode.swift; path = TopView.swift; sourceTree = "<group>"; };
		151085F52B015F060054A8E1 /* ItemsList.swift */ = {isa = PBXFileReference; lastKnownFileType = sourcecode.swift; path = ItemsList.swift; sourceTree = "<group>"; };
		15EA396E2AFC216700E8B3D8 /* CoffeeShop.app */ = {isa = PBXFileReference; explicitFileType = wrapper.application; includeInIndex = 0; path = CoffeeShop.app; sourceTree = BUILT_PRODUCTS_DIR; };
		15EA39712AFC216700E8B3D8 /* CoffeeShopApp.swift */ = {isa = PBXFileReference; lastKnownFileType = sourcecode.swift; path = CoffeeShopApp.swift; sourceTree = "<group>"; };
		15EA39732AFC216700E8B3D8 /* ContentView.swift */ = {isa = PBXFileReference; lastKnownFileType = sourcecode.swift; path = ContentView.swift; sourceTree = "<group>"; };
		15EA39752AFC216900E8B3D8 /* Assets.xcassets */ = {isa = PBXFileReference; lastKnownFileType = folder.assetcatalog; path = Assets.xcassets; sourceTree = "<group>"; };
		15EA39782AFC216900E8B3D8 /* Preview Assets.xcassets */ = {isa = PBXFileReference; lastKnownFileType = folder.assetcatalog; path = "Preview Assets.xcassets"; sourceTree = "<group>"; };
		15EA39812AFC221900E8B3D8 /* Home.swift */ = {isa = PBXFileReference; lastKnownFileType = sourcecode.swift; path = Home.swift; sourceTree = "<group>"; };
		15EA39832AFC239500E8B3D8 /* Poppins-Regular.ttf */ = {isa = PBXFileReference; lastKnownFileType = file; path = "Poppins-Regular.ttf"; sourceTree = "<group>"; };
		15EA39842AFC239500E8B3D8 /* Poppins-SemiBold.ttf */ = {isa = PBXFileReference; lastKnownFileType = file; path = "Poppins-SemiBold.ttf"; sourceTree = "<group>"; };
		15EA39882AFC2CBF00E8B3D8 /* Info.plist */ = {isa = PBXFileReference; lastKnownFileType = text.plist; path = Info.plist; sourceTree = "<group>"; };
		15EA398A2AFC397900E8B3D8 /* Category.swift */ = {isa = PBXFileReference; lastKnownFileType = sourcecode.swift; path = Category.swift; sourceTree = "<group>"; };
		15EA39912AFE8C5500E8B3D8 /* CategoryItemRowView.swift */ = {isa = PBXFileReference; lastKnownFileType = sourcecode.swift; path = CategoryItemRowView.swift; sourceTree = "<group>"; };
		15EA39952AFED24A00E8B3D8 /* LocationView.swift */ = {isa = PBXFileReference; lastKnownFileType = sourcecode.swift; path = LocationView.swift; sourceTree = "<group>"; };
		15EA39982B00017D00E8B3D8 /* LandingPage.swift */ = {isa = PBXFileReference; lastKnownFileType = sourcecode.swift; path = LandingPage.swift; sourceTree = "<group>"; };
		15EA399A2B000D0700E8B3D8 /* AnimatedIcon.swift */ = {isa = PBXFileReference; lastKnownFileType = sourcecode.swift; path = AnimatedIcon.swift; sourceTree = "<group>"; };
		15EA399C2B000EB400E8B3D8 /* Tab.swift */ = {isa = PBXFileReference; lastKnownFileType = sourcecode.swift; path = Tab.swift; sourceTree = "<group>"; };
		15EA399E2B00107200E8B3D8 /* ResizableLottieView.swift */ = {isa = PBXFileReference; lastKnownFileType = sourcecode.swift; path = ResizableLottieView.swift; sourceTree = "<group>"; };
/* End PBXFileReference section */

/* Begin PBXFrameworksBuildPhase section */
		15EA396B2AFC216700E8B3D8 /* Frameworks */ = {
			isa = PBXFrameworksBuildPhase;
			buildActionMask = 2147483647;
			files = (
				15EA398E2AFC3D9100E8B3D8 /* Lottie in Frameworks */,
			);
			runOnlyForDeploymentPostprocessing = 0;
		};
/* End PBXFrameworksBuildPhase section */

/* Begin PBXGroup section */
		15EA39652AFC216700E8B3D8 = {
			isa = PBXGroup;
			children = (
				15EA39702AFC216700E8B3D8 /* CoffeeShop */,
				15EA396F2AFC216700E8B3D8 /* Products */,
			);
			sourceTree = "<group>";
		};
		15EA396F2AFC216700E8B3D8 /* Products */ = {
			isa = PBXGroup;
			children = (
				15EA396E2AFC216700E8B3D8 /* CoffeeShop.app */,
			);
			name = Products;
			sourceTree = "<group>";
		};
		15EA39702AFC216700E8B3D8 /* CoffeeShop */ = {
			isa = PBXGroup;
			children = (
				15EA39882AFC2CBF00E8B3D8 /* Info.plist */,
				15EA39712AFC216700E8B3D8 /* CoffeeShopApp.swift */,
				15EA39732AFC216700E8B3D8 /* ContentView.swift */,
				15EA39802AFC21E800E8B3D8 /* Model */,
				15EA397F2AFC21DA00E8B3D8 /* View */,
				15EA39752AFC216900E8B3D8 /* Assets.xcassets */,
				15EA39772AFC216900E8B3D8 /* Preview Content */,
				15EA39A62B00173B00E8B3D8 /* Tab Icons JSON */,
				15EA39872AFC23A200E8B3D8 /* fonts */,
			);
			path = CoffeeShop;
			sourceTree = "<group>";
		};
		15EA39772AFC216900E8B3D8 /* Preview Content */ = {
			isa = PBXGroup;
			children = (
				15EA39782AFC216900E8B3D8 /* Preview Assets.xcassets */,
			);
			path = "Preview Content";
			sourceTree = "<group>";
		};
		15EA397F2AFC21DA00E8B3D8 /* View */ = {
			isa = PBXGroup;
			children = (
				15EA39812AFC221900E8B3D8 /* Home.swift */,
				15EA39982B00017D00E8B3D8 /* LandingPage.swift */,
				151085F32B015A5D0054A8E1 /* TopView.swift */,
				15EA39912AFE8C5500E8B3D8 /* CategoryItemRowView.swift */,
				15EA39952AFED24A00E8B3D8 /* LocationView.swift */,
				151085F52B015F060054A8E1 /* ItemsList.swift */,
				15EA399E2B00107200E8B3D8 /* ResizableLottieView.swift */,
			);
			path = View;
			sourceTree = "<group>";
		};
		15EA39802AFC21E800E8B3D8 /* Model */ = {
			isa = PBXGroup;
			children = (
				15EA398A2AFC397900E8B3D8 /* Category.swift */,
				15EA399A2B000D0700E8B3D8 /* AnimatedIcon.swift */,
				15EA399C2B000EB400E8B3D8 /* Tab.swift */,
			);
			path = Model;
			sourceTree = "<group>";
		};
		15EA39872AFC23A200E8B3D8 /* fonts */ = {
			isa = PBXGroup;
			children = (
				15EA39832AFC239500E8B3D8 /* Poppins-Regular.ttf */,
				15EA39842AFC239500E8B3D8 /* Poppins-SemiBold.ttf */,
			);
			path = fonts;
			sourceTree = "<group>";
		};
		15EA39A62B00173B00E8B3D8 /* Tab Icons JSON */ = {
			isa = PBXGroup;
			children = (
				15093F902B02C86B00049DB4 /* animation1.json */,
				15093F912B02C86B00049DB4 /* animation2.json */,
				15093F922B02C86B00049DB4 /* animation3.json */,
			);
			path = "Tab Icons JSON";
			sourceTree = "<group>";
		};
/* End PBXGroup section */

/* Begin PBXNativeTarget section */
		15EA396D2AFC216700E8B3D8 /* CoffeeShop */ = {
			isa = PBXNativeTarget;
			buildConfigurationList = 15EA397C2AFC216900E8B3D8 /* Build configuration list for PBXNativeTarget "CoffeeShop" */;
			buildPhases = (
				15EA396A2AFC216700E8B3D8 /* Sources */,
				15EA396B2AFC216700E8B3D8 /* Frameworks */,
				15EA396C2AFC216700E8B3D8 /* Resources */,
			);
			buildRules = (
			);
			dependencies = (
			);
			name = CoffeeShop;
			packageProductDependencies = (
				15EA398D2AFC3D9100E8B3D8 /* Lottie */,
			);
			productName = CoffeeShop;
			productReference = 15EA396E2AFC216700E8B3D8 /* CoffeeShop.app */;
			productType = "com.apple.product-type.application";
		};
/* End PBXNativeTarget section */

/* Begin PBXProject section */
		15EA39662AFC216700E8B3D8 /* Project object */ = {
			isa = PBXProject;
			attributes = {
				BuildIndependentTargetsInParallel = 1;
				LastSwiftUpdateCheck = 1420;
				LastUpgradeCheck = 1420;
				TargetAttributes = {
					15EA396D2AFC216700E8B3D8 = {
						CreatedOnToolsVersion = 14.2;
					};
				};
			};
			buildConfigurationList = 15EA39692AFC216700E8B3D8 /* Build configuration list for PBXProject "CoffeeShop" */;
			compatibilityVersion = "Xcode 14.0";
			developmentRegion = en;
			hasScannedForEncodings = 0;
			knownRegions = (
				en,
				Base,
			);
			mainGroup = 15EA39652AFC216700E8B3D8;
			packageReferences = (
				15EA398C2AFC3D9100E8B3D8 /* XCRemoteSwiftPackageReference "lottie-ios" */,
			);
			productRefGroup = 15EA396F2AFC216700E8B3D8 /* Products */;
			projectDirPath = "";
			projectRoot = "";
			targets = (
				15EA396D2AFC216700E8B3D8 /* CoffeeShop */,
			);
		};
/* End PBXProject section */

/* Begin PBXResourcesBuildPhase section */
		15EA396C2AFC216700E8B3D8 /* Resources */ = {
			isa = PBXResourcesBuildPhase;
			buildActionMask = 2147483647;
			files = (
				15EA39862AFC239500E8B3D8 /* Poppins-SemiBold.ttf in Resources */,
				15093F942B02C86B00049DB4 /* animation2.json in Resources */,
				15093F932B02C86B00049DB4 /* animation1.json in Resources */,
				15EA39792AFC216900E8B3D8 /* Preview Assets.xcassets in Resources */,
				15EA39762AFC216900E8B3D8 /* Assets.xcassets in Resources */,
				15093F952B02C86B00049DB4 /* animation3.json in Resources */,
				15EA39892AFC2ECE00E8B3D8 /* Poppins-Regular.ttf in Resources */,
			);
			runOnlyForDeploymentPostprocessing = 0;
		};
/* End PBXResourcesBuildPhase section */

/* Begin PBXSourcesBuildPhase section */
		15EA396A2AFC216700E8B3D8 /* Sources */ = {
			isa = PBXSourcesBuildPhase;
			buildActionMask = 2147483647;
			files = (
				15EA39922AFE8C5500E8B3D8 /* CategoryItemRowView.swift in Sources */,
				15EA39742AFC216700E8B3D8 /* ContentView.swift in Sources */,
				15EA399B2B000D0700E8B3D8 /* AnimatedIcon.swift in Sources */,
				15EA39822AFC221900E8B3D8 /* Home.swift in Sources */,
				15EA39722AFC216700E8B3D8 /* CoffeeShopApp.swift in Sources */,
				15EA39962AFED24A00E8B3D8 /* LocationView.swift in Sources */,
				15EA399F2B00107200E8B3D8 /* ResizableLottieView.swift in Sources */,
				151085F62B015F060054A8E1 /* ItemsList.swift in Sources */,
				15EA399D2B000EB400E8B3D8 /* Tab.swift in Sources */,
				15EA39992B00017D00E8B3D8 /* LandingPage.swift in Sources */,
				151085F42B015A5D0054A8E1 /* TopView.swift in Sources */,
				15EA398B2AFC397900E8B3D8 /* Category.swift in Sources */,
			);
			runOnlyForDeploymentPostprocessing = 0;
		};
/* End PBXSourcesBuildPhase section */

/* Begin XCBuildConfiguration section */
		15EA397A2AFC216900E8B3D8 /* Debug */ = {
			isa = XCBuildConfiguration;
			buildSettings = {
				ALWAYS_SEARCH_USER_PATHS = NO;
				CLANG_ANALYZER_NONNULL = YES;
				CLANG_ANALYZER_NUMBER_OBJECT_CONVERSION = YES_AGGRESSIVE;
				CLANG_CXX_LANGUAGE_STANDARD = "gnu++20";
				CLANG_ENABLE_MODULES = YES;
				CLANG_ENABLE_OBJC_ARC = YES;
				CLANG_ENABLE_OBJC_WEAK = YES;
				CLANG_WARN_BLOCK_CAPTURE_AUTORELEASING = YES;
				CLANG_WARN_BOOL_CONVERSION = YES;
				CLANG_WARN_COMMA = YES;
				CLANG_WARN_CONSTANT_CONVERSION = YES;
				CLANG_WARN_DEPRECATED_OBJC_IMPLEMENTATIONS = YES;
				CLANG_WARN_DIRECT_OBJC_ISA_USAGE = YES_ERROR;
				CLANG_WARN_DOCUMENTATION_COMMENTS = YES;
				CLANG_WARN_EMPTY_BODY = YES;
				CLANG_WARN_ENUM_CONVERSION = YES;
				CLANG_WARN_INFINITE_RECURSION = YES;
				CLANG_WARN_INT_CONVERSION = YES;
				CLANG_WARN_NON_LITERAL_NULL_CONVERSION = YES;
				CLANG_WARN_OBJC_IMPLICIT_RETAIN_SELF = YES;
				CLANG_WARN_OBJC_LITERAL_CONVERSION = YES;
				CLANG_WARN_OBJC_ROOT_CLASS = YES_ERROR;
				CLANG_WARN_QUOTED_INCLUDE_IN_FRAMEWORK_HEADER = YES;
				CLANG_WARN_RANGE_LOOP_ANALYSIS = YES;
				CLANG_WARN_STRICT_PROTOTYPES = YES;
				CLANG_WARN_SUSPICIOUS_MOVE = YES;
				CLANG_WARN_UNGUARDED_AVAILABILITY = YES_AGGRESSIVE;
				CLANG_WARN_UNREACHABLE_CODE = YES;
				CLANG_WARN__DUPLICATE_METHOD_MATCH = YES;
				COPY_PHASE_STRIP = NO;
				DEBUG_INFORMATION_FORMAT = dwarf;
				ENABLE_STRICT_OBJC_MSGSEND = YES;
				ENABLE_TESTABILITY = YES;
				GCC_C_LANGUAGE_STANDARD = gnu11;
				GCC_DYNAMIC_NO_PIC = NO;
				GCC_NO_COMMON_BLOCKS = YES;
				GCC_OPTIMIZATION_LEVEL = 0;
				GCC_PREPROCESSOR_DEFINITIONS = (
					"DEBUG=1",
					"$(inherited)",
				);
				GCC_WARN_64_TO_32_BIT_CONVERSION = YES;
				GCC_WARN_ABOUT_RETURN_TYPE = YES_ERROR;
				GCC_WARN_UNDECLARED_SELECTOR = YES;
				GCC_WARN_UNINITIALIZED_AUTOS = YES_AGGRESSIVE;
				GCC_WARN_UNUSED_FUNCTION = YES;
				GCC_WARN_UNUSED_VARIABLE = YES;
				IPHONEOS_DEPLOYMENT_TARGET = 16.2;
				MTL_ENABLE_DEBUG_INFO = INCLUDE_SOURCE;
				MTL_FAST_MATH = YES;
				ONLY_ACTIVE_ARCH = YES;
				SDKROOT = iphoneos;
				SWIFT_ACTIVE_COMPILATION_CONDITIONS = DEBUG;
				SWIFT_OPTIMIZATION_LEVEL = "-Onone";
			};
			name = Debug;
		};
		15EA397B2AFC216900E8B3D8 /* Release */ = {
			isa = XCBuildConfiguration;
			buildSettings = {
				ALWAYS_SEARCH_USER_PATHS = NO;
				CLANG_ANALYZER_NONNULL = YES;
				CLANG_ANALYZER_NUMBER_OBJECT_CONVERSION = YES_AGGRESSIVE;
				CLANG_CXX_LANGUAGE_STANDARD = "gnu++20";
				CLANG_ENABLE_MODULES = YES;
				CLANG_ENABLE_OBJC_ARC = YES;
				CLANG_ENABLE_OBJC_WEAK = YES;
				CLANG_WARN_BLOCK_CAPTURE_AUTORELEASING = YES;
				CLANG_WARN_BOOL_CONVERSION = YES;
				CLANG_WARN_COMMA = YES;
				CLANG_WARN_CONSTANT_CONVERSION = YES;
				CLANG_WARN_DEPRECATED_OBJC_IMPLEMENTATIONS = YES;
				CLANG_WARN_DIRECT_OBJC_ISA_USAGE = YES_ERROR;
				CLANG_WARN_DOCUMENTATION_COMMENTS = YES;
				CLANG_WARN_EMPTY_BODY = YES;
				CLANG_WARN_ENUM_CONVERSION = YES;
				CLANG_WARN_INFINITE_RECURSION = YES;
				CLANG_WARN_INT_CONVERSION = YES;
				CLANG_WARN_NON_LITERAL_NULL_CONVERSION = YES;
				CLANG_WARN_OBJC_IMPLICIT_RETAIN_SELF = YES;
				CLANG_WARN_OBJC_LITERAL_CONVERSION = YES;
				CLANG_WARN_OBJC_ROOT_CLASS = YES_ERROR;
				CLANG_WARN_QUOTED_INCLUDE_IN_FRAMEWORK_HEADER = YES;
				CLANG_WARN_RANGE_LOOP_ANALYSIS = YES;
				CLANG_WARN_STRICT_PROTOTYPES = YES;
				CLANG_WARN_SUSPICIOUS_MOVE = YES;
				CLANG_WARN_UNGUARDED_AVAILABILITY = YES_AGGRESSIVE;
				CLANG_WARN_UNREACHABLE_CODE = YES;
				CLANG_WARN__DUPLICATE_METHOD_MATCH = YES;
				COPY_PHASE_STRIP = NO;
				DEBUG_INFORMATION_FORMAT = "dwarf-with-dsym";
				ENABLE_NS_ASSERTIONS = NO;
				ENABLE_STRICT_OBJC_MSGSEND = YES;
				GCC_C_LANGUAGE_STANDARD = gnu11;
				GCC_NO_COMMON_BLOCKS = YES;
				GCC_WARN_64_TO_32_BIT_CONVERSION = YES;
				GCC_WARN_ABOUT_RETURN_TYPE = YES_ERROR;
				GCC_WARN_UNDECLARED_SELECTOR = YES;
				GCC_WARN_UNINITIALIZED_AUTOS = YES_AGGRESSIVE;
				GCC_WARN_UNUSED_FUNCTION = YES;
				GCC_WARN_UNUSED_VARIABLE = YES;
				IPHONEOS_DEPLOYMENT_TARGET = 16.2;
				MTL_ENABLE_DEBUG_INFO = NO;
				MTL_FAST_MATH = YES;
				SDKROOT = iphoneos;
				SWIFT_COMPILATION_MODE = wholemodule;
				SWIFT_OPTIMIZATION_LEVEL = "-O";
				VALIDATE_PRODUCT = YES;
			};
			name = Release;
		};
		15EA397D2AFC216900E8B3D8 /* Debug */ = {
			isa = XCBuildConfiguration;
			buildSettings = {
				ASSETCATALOG_COMPILER_APPICON_NAME = AppIcon;
				ASSETCATALOG_COMPILER_GLOBAL_ACCENT_COLOR_NAME = AccentColor;
				CODE_SIGN_STYLE = Automatic;
				CURRENT_PROJECT_VERSION = 1;
				DEVELOPMENT_ASSET_PATHS = "\"CoffeeShop/Preview Content\"";
				DEVELOPMENT_TEAM = 4DZX7HAJT6;
				ENABLE_PREVIEWS = YES;
				GENERATE_INFOPLIST_FILE = YES;
				INFOPLIST_FILE = CoffeeShop/Info.plist;
				INFOPLIST_KEY_LSApplicationCategoryType = "public.app-category.food-and-drink";
				INFOPLIST_KEY_UIApplicationSceneManifest_Generation = YES;
				INFOPLIST_KEY_UIApplicationSupportsIndirectInputEvents = YES;
				INFOPLIST_KEY_UILaunchScreen_Generation = YES;
				INFOPLIST_KEY_UIStatusBarStyle = UIStatusBarStyleLightContent;
				INFOPLIST_KEY_UISupportedInterfaceOrientations = UIInterfaceOrientationPortrait;
				LD_RUNPATH_SEARCH_PATHS = (
					"$(inherited)",
					"@executable_path/Frameworks",
				);
				MARKETING_VERSION = 1.0;
				PRODUCT_BUNDLE_IDENTIFIER = TestWorkApp.CoffeeShop;
				PRODUCT_NAME = "$(TARGET_NAME)";
				SUPPORTED_PLATFORMS = "iphoneos iphonesimulator";
				SUPPORTS_MACCATALYST = NO;
				SUPPORTS_MAC_DESIGNED_FOR_IPHONE_IPAD = NO;
				SWIFT_EMIT_LOC_STRINGS = YES;
				SWIFT_VERSION = 5.0;
				TARGETED_DEVICE_FAMILY = "1,2";
			};
			name = Debug;
		};
		15EA397E2AFC216900E8B3D8 /* Release */ = {
			isa = XCBuildConfiguration;
			buildSettings = {
				ASSETCATALOG_COMPILER_APPICON_NAME = AppIcon;
				ASSETCATALOG_COMPILER_GLOBAL_ACCENT_COLOR_NAME = AccentColor;
				CODE_SIGN_STYLE = Automatic;
				CURRENT_PROJECT_VERSION = 1;
				DEVELOPMENT_ASSET_PATHS = "\"CoffeeShop/Preview Content\"";
				DEVELOPMENT_TEAM = 4DZX7HAJT6;
				ENABLE_PREVIEWS = YES;
				GENERATE_INFOPLIST_FILE = YES;
				INFOPLIST_FILE = CoffeeShop/Info.plist;
				INFOPLIST_KEY_LSApplicationCategoryType = "public.app-category.food-and-drink";
				INFOPLIST_KEY_UIApplicationSceneManifest_Generation = YES;
				INFOPLIST_KEY_UIApplicationSupportsIndirectInputEvents = YES;
				INFOPLIST_KEY_UILaunchScreen_Generation = YES;
				INFOPLIST_KEY_UIStatusBarStyle = UIStatusBarStyleLightContent;
				INFOPLIST_KEY_UISupportedInterfaceOrientations = UIInterfaceOrientationPortrait;
				LD_RUNPATH_SEARCH_PATHS = (
					"$(inherited)",
					"@executable_path/Frameworks",
				);
				MARKETING_VERSION = 1.0;
				PRODUCT_BUNDLE_IDENTIFIER = TestWorkApp.CoffeeShop;
				PRODUCT_NAME = "$(TARGET_NAME)";
				SUPPORTED_PLATFORMS = "iphoneos iphonesimulator";
				SUPPORTS_MACCATALYST = NO;
				SUPPORTS_MAC_DESIGNED_FOR_IPHONE_IPAD = NO;
				SWIFT_EMIT_LOC_STRINGS = YES;
				SWIFT_VERSION = 5.0;
				TARGETED_DEVICE_FAMILY = "1,2";
			};
			name = Release;
		};
/* End XCBuildConfiguration section */

/* Begin XCConfigurationList section */
		15EA39692AFC216700E8B3D8 /* Build configuration list for PBXProject "CoffeeShop" */ = {
			isa = XCConfigurationList;
			buildConfigurations = (
				15EA397A2AFC216900E8B3D8 /* Debug */,
				15EA397B2AFC216900E8B3D8 /* Release */,
			);
			defaultConfigurationIsVisible = 0;
			defaultConfigurationName = Release;
		};
		15EA397C2AFC216900E8B3D8 /* Build configuration list for PBXNativeTarget "CoffeeShop" */ = {
			isa = XCConfigurationList;
			buildConfigurations = (
				15EA397D2AFC216900E8B3D8 /* Debug */,
				15EA397E2AFC216900E8B3D8 /* Release */,
			);
			defaultConfigurationIsVisible = 0;
			defaultConfigurationName = Release;
		};
/* End XCConfigurationList section */

/* Begin XCRemoteSwiftPackageReference section */
		15EA398C2AFC3D9100E8B3D8 /* XCRemoteSwiftPackageReference "lottie-ios" */ = {
			isa = XCRemoteSwiftPackageReference;
			repositoryURL = "https://github.com/airbnb/lottie-ios.git";
			requirement = {
				kind = upToNextMajorVersion;
				minimumVersion = 4.0.0;
			};
		};
/* End XCRemoteSwiftPackageReference section */

/* Begin XCSwiftPackageProductDependency section */
		15EA398D2AFC3D9100E8B3D8 /* Lottie */ = {
			isa = XCSwiftPackageProductDependency;
			package = 15EA398C2AFC3D9100E8B3D8 /* XCRemoteSwiftPackageReference "lottie-ios" */;
			productName = Lottie;
		};
/* End XCSwiftPackageProductDependency section */
	};
	rootObject = 15EA39662AFC216700E8B3D8 /* Project object */;
}
